
Microsoft Visual Studio Solution File, Format Version 12.00
# Visual Studio Version 16
VisualStudioVersion = 16.0.32106.194
MinimumVisualStudioVersion = 10.0.40219.1
Project("{FAE04EC0-301F-11D3-BF4B-00C04F79EFBC}") = "ColorReduction", "ColorReduction.csproj", "{5CFB1C82-F8B9-4409-86E3-9B2C75312949}"
EndProject
Global
	GlobalSection(SolutionConfigurationPlatforms) = preSolution
		Debug|Any CPU = Debug|Any CPU
		Release|Any CPU = Release|Any CPU
	EndGlobalSection
	GlobalSection(ProjectConfigurationPlatforms) = postSolution
		{5CFB1C82-F8B9-4409-86E3-9B2C75312949}.Debug|Any CPU.ActiveCfg = Debug|Any CPU
		{5CFB1C82-F8B9-4409-86E3-9B2C75312949}.Debug|Any CPU.Build.0 = Debug|Any CPU
		{5CFB1C82-F8B9-4409-86E3-9B2C75312949}.Release|Any CPU.ActiveCfg = Release|Any CPU
		{5CFB1C82-F8B9-4409-86E3-9B2C75312949}.Release|Any CPU.Build.0 = Release|Any CPU
	EndGlobalSection
	GlobalSection(SolutionProperties) = preSolution
		HideSolutionNode = FALSE
	EndGlobalSection
	GlobalSection(ExtensibilityGlobals) = postSolution
		SolutionGuid = {1F15854D-FD8B-4991-B5CE-1AB3F5538544}
	EndGlobalSection
EndGlobal
